{
  "version": 4,
  "terraform_version": "1.5.7",
  "serial": 14,
  "lineage": "5bfa33bc-0ac7-9f2d-4105-72dee78cf45b",
  "outputs": {},
  "resources": [
    {
      "mode": "managed",
      "type": "local_file",
      "name": "prod",
      "provider": "provider[\"registry.terraform.io/hashicorp/local\"]",
      "instances": [
        {
          "index_key": 0,
          "schema_version": 0,
          "attributes": {
            "content": "Inventario",
            "content_base64": null,
            "content_base64sha256": "om/dBaRrYKMr4hPTYjAw2L2xAQv3oNEHL3elrN2Iga4=",
            "content_base64sha512": "jYERAGNsEgV4ajGNVlvsFASdRes9Ez6HBWryTaXukWx6hqN4/0G3ezOL4ueYk2U0DtfGBkaTfVSgoMRh7qdsoQ==",
            "content_md5": "bd4c432bf478e742221327f668e6ceb1",
            "content_sha1": "b8e88637f23fbe26fa18a139cf76af353b60e507",
            "content_sha256": "a26fdd05a46b60a32be213d3623030d8bdb1010bf7a0d1072f77a5acdd8881ae",
            "content_sha512": "8d811100636c1205786a318d565bec14049d45eb3d133e87056af24da5ee916c7a86a378ff41b77b338be2e7989365340ed7c60646937d54a0a0c461eea76ca1",
            "directory_permission": "0777",
            "file_permission": "0777",
            "filename": "inventory-iEeV.txt",
            "id": "b8e88637f23fbe26fa18a139cf76af353b60e507",
            "sensitive_content": null,
            "source": null
          },
          "sensitive_attributes": [],
          "dependencies": [
            "random_string.randomfile"
          ]
        },
        {
          "index_key": 1,
          "schema_version": 0,
          "attributes": {
            "content": "Inventario",
            "content_base64": null,
            "content_base64sha256": "om/dBaRrYKMr4hPTYjAw2L2xAQv3oNEHL3elrN2Iga4=",
            "content_base64sha512": "jYERAGNsEgV4ajGNVlvsFASdRes9Ez6HBWryTaXukWx6hqN4/0G3ezOL4ueYk2U0DtfGBkaTfVSgoMRh7qdsoQ==",
            "content_md5": "bd4c432bf478e742221327f668e6ceb1",
            "content_sha1": "b8e88637f23fbe26fa18a139cf76af353b60e507",
            "content_sha256": "a26fdd05a46b60a32be213d3623030d8bdb1010bf7a0d1072f77a5acdd8881ae",
            "content_sha512": "8d811100636c1205786a318d565bec14049d45eb3d133e87056af24da5ee916c7a86a378ff41b77b338be2e7989365340ed7c60646937d54a0a0c461eea76ca1",
            "directory_permission": "0777",
            "file_permission": "0777",
            "filename": "inventory-MIVF.txt",
            "id": "b8e88637f23fbe26fa18a139cf76af353b60e507",
            "sensitive_content": null,
            "source": null
          },
          "sensitive_attributes": [],
          "dependencies": [
            "random_string.randomfile"
          ]
        },
        {
          "index_key": 2,
          "schema_version": 0,
          "attributes": {
            "content": "Inventario",
            "content_base64": null,
            "content_base64sha256": "om/dBaRrYKMr4hPTYjAw2L2xAQv3oNEHL3elrN2Iga4=",
            "content_base64sha512": "jYERAGNsEgV4ajGNVlvsFASdRes9Ez6HBWryTaXukWx6hqN4/0G3ezOL4ueYk2U0DtfGBkaTfVSgoMRh7qdsoQ==",
            "content_md5": "bd4c432bf478e742221327f668e6ceb1",
            "content_sha1": "b8e88637f23fbe26fa18a139cf76af353b60e507",
            "content_sha256": "a26fdd05a46b60a32be213d3623030d8bdb1010bf7a0d1072f77a5acdd8881ae",
            "content_sha512": "8d811100636c1205786a318d565bec14049d45eb3d133e87056af24da5ee916c7a86a378ff41b77b338be2e7989365340ed7c60646937d54a0a0c461eea76ca1",
            "directory_permission": "0777",
            "file_permission": "0777",
            "filename": "inventory-f-B4.txt",
            "id": "b8e88637f23fbe26fa18a139cf76af353b60e507",
            "sensitive_content": null,
            "source": null
          },
          "sensitive_attributes": [],
          "dependencies": [
            "random_string.randomfile"
          ]
        },
        {
          "index_key": 3,
          "schema_version": 0,
          "attributes": {
            "content": "Inventario",
            "content_base64": null,
            "content_base64sha256": "om/dBaRrYKMr4hPTYjAw2L2xAQv3oNEHL3elrN2Iga4=",
            "content_base64sha512": "jYERAGNsEgV4ajGNVlvsFASdRes9Ez6HBWryTaXukWx6hqN4/0G3ezOL4ueYk2U0DtfGBkaTfVSgoMRh7qdsoQ==",
            "content_md5": "bd4c432bf478e742221327f668e6ceb1",
            "content_sha1": "b8e88637f23fbe26fa18a139cf76af353b60e507",
            "content_sha256": "a26fdd05a46b60a32be213d3623030d8bdb1010bf7a0d1072f77a5acdd8881ae",
            "content_sha512": "8d811100636c1205786a318d565bec14049d45eb3d133e87056af24da5ee916c7a86a378ff41b77b338be2e7989365340ed7c60646937d54a0a0c461eea76ca1",
            "directory_permission": "0777",
            "file_permission": "0777",
            "filename": "inventory--AHb.txt",
            "id": "b8e88637f23fbe26fa18a139cf76af353b60e507",
            "sensitive_content": null,
            "source": null
          },
          "sensitive_attributes": [],
          "dependencies": [
            "random_string.randomfile"
          ]
        },
        {
          "index_key": 4,
          "schema_version": 0,
          "attributes": {
            "content": "Inventario",
            "content_base64": null,
            "content_base64sha256": "om/dBaRrYKMr4hPTYjAw2L2xAQv3oNEHL3elrN2Iga4=",
            "content_base64sha512": "jYERAGNsEgV4ajGNVlvsFASdRes9Ez6HBWryTaXukWx6hqN4/0G3ezOL4ueYk2U0DtfGBkaTfVSgoMRh7qdsoQ==",
            "content_md5": "bd4c432bf478e742221327f668e6ceb1",
            "content_sha1": "b8e88637f23fbe26fa18a139cf76af353b60e507",
            "content_sha256": "a26fdd05a46b60a32be213d3623030d8bdb1010bf7a0d1072f77a5acdd8881ae",
            "content_sha512": "8d811100636c1205786a318d565bec14049d45eb3d133e87056af24da5ee916c7a86a378ff41b77b338be2e7989365340ed7c60646937d54a0a0c461eea76ca1",
            "directory_permission": "0777",
            "file_permission": "0777",
            "filename": "inventory-Jp4G.txt",
            "id": "b8e88637f23fbe26fa18a139cf76af353b60e507",
            "sensitive_content": null,
            "source": null
          },
          "sensitive_attributes": [],
          "dependencies": [
            "random_string.randomfile"
          ]
        }
      ]
    },
    {
      "mode": "managed",
      "type": "random_string",
      "name": "randomfile",
      "provider": "provider[\"registry.terraform.io/hashicorp/random\"]",
      "instances": [
        {
          "index_key": 0,
          "schema_version": 2,
          "attributes": {
            "id": "iEeV",
            "keepers": null,
            "length": 4,
            "lower": true,
            "min_lower": 0,
            "min_numeric": 0,
            "min_special": 0,
            "min_upper": 0,
            "number": true,
            "numeric": true,
            "override_special": "/-",
            "result": "iEeV",
            "special": true,
            "upper": true
          },
          "sensitive_attributes": []
        },
        {
          "index_key": 1,
          "schema_version": 2,
          "attributes": {
            "id": "MIVF",
            "keepers": null,
            "length": 4,
            "lower": true,
            "min_lower": 0,
            "min_numeric": 0,
            "min_special": 0,
            "min_upper": 0,
            "number": true,
            "numeric": true,
            "override_special": "/-",
            "result": "MIVF",
            "special": true,
            "upper": true
          },
          "sensitive_attributes": []
        },
        {
          "index_key": 2,
          "schema_version": 2,
          "attributes": {
            "id": "f-B4",
            "keepers": null,
            "length": 4,
            "lower": true,
            "min_lower": 0,
            "min_numeric": 0,
            "min_special": 0,
            "min_upper": 0,
            "number": true,
            "numeric": true,
            "override_special": "/-",
            "result": "f-B4",
            "special": true,
            "upper": true
          },
          "sensitive_attributes": []
        },
        {
          "index_key": 3,
          "schema_version": 2,
          "attributes": {
            "id": "-AHb",
            "keepers": null,
            "length": 4,
            "lower": true,
            "min_lower": 0,
            "min_numeric": 0,
            "min_special": 0,
            "min_upper": 0,
            "number": true,
            "numeric": true,
            "override_special": "/-",
            "result": "-AHb",
            "special": true,
            "upper": true
          },
          "sensitive_attributes": []
        },
        {
          "index_key": 4,
          "schema_version": 2,
          "attributes": {
            "id": "Jp4G",
            "keepers": null,
            "length": 4,
            "lower": true,
            "min_lower": 0,
            "min_numeric": 0,
            "min_special": 0,
            "min_upper": 0,
            "number": true,
            "numeric": true,
            "override_special": "/-",
            "result": "Jp4G",
            "special": true,
            "upper": true
          },
          "sensitive_attributes": []
        }
      ]
    }
  ],
  "check_results": null
}
